
Microsoft Visual Studio Solution File, Format Version 12.00
# Visual Studio Version 16
VisualStudioVersion = 16.0.31005.135
MinimumVisualStudioVersion = 10.0.40219.1
Project("{FAE04EC0-301F-11D3-BF4B-00C04F79EFBC}") = "CSharpIntro2", "CSharpIntro2\CSharpIntro2.csproj", "{A553ED53-011F-48CA-952A-7CBB8BF014CD}"
EndProject
Global
	GlobalSection(SolutionConfigurationPlatforms) = preSolution
		Debug|Any CPU = Debug|Any CPU
		Release|Any CPU = Release|Any CPU
	EndGlobalSection
	GlobalSection(ProjectConfigurationPlatforms) = postSolution
		{A553ED53-011F-48CA-952A-7CBB8BF014CD}.Debug|Any CPU.ActiveCfg = Debug|Any CPU
		{A553ED53-011F-48CA-952A-7CBB8BF014CD}.Debug|Any CPU.Build.0 = Debug|Any CPU
		{A553ED53-011F-48CA-952A-7CBB8BF014CD}.Release|Any CPU.ActiveCfg = Release|Any CPU
		{A553ED53-011F-48CA-952A-7CBB8BF014CD}.Release|Any CPU.Build.0 = Release|Any CPU
	EndGlobalSection
	GlobalSection(SolutionProperties) = preSolution
		HideSolutionNode = FALSE
	EndGlobalSection
	GlobalSection(ExtensibilityGlobals) = postSolution
		SolutionGuid = {7E31D8EA-9221-4385-AE90-BAF236D792B8}
	EndGlobalSection
EndGlobal
